
Microsoft Visual Studio Solution File, Format Version 12.00
# Visual Studio Version 16
VisualStudioVersion = 16.0.31729.503
MinimumVisualStudioVersion = 10.0.40219.1
Project("{FAE04EC0-301F-11D3-BF4B-00C04F79EFBC}") = "CardGameAssignment", "CardGameAssignment.csproj", "{5983084E-C824-4397-8E63-F1324CAD42CA}"
EndProject
Global
	GlobalSection(SolutionConfigurationPlatforms) = preSolution
		Debug|Any CPU = Debug|Any CPU
		Release|Any CPU = Release|Any CPU
	EndGlobalSection
	GlobalSection(ProjectConfigurationPlatforms) = postSolution
		{5983084E-C824-4397-8E63-F1324CAD42CA}.Debug|Any CPU.ActiveCfg = Debug|Any CPU
		{5983084E-C824-4397-8E63-F1324CAD42CA}.Debug|Any CPU.Build.0 = Debug|Any CPU
		{5983084E-C824-4397-8E63-F1324CAD42CA}.Release|Any CPU.ActiveCfg = Release|Any CPU
		{5983084E-C824-4397-8E63-F1324CAD42CA}.Release|Any CPU.Build.0 = Release|Any CPU
	EndGlobalSection
	GlobalSection(SolutionProperties) = preSolution
		HideSolutionNode = FALSE
	EndGlobalSection
	GlobalSection(ExtensibilityGlobals) = postSolution
		SolutionGuid = {73163C35-A720-44C2-AC0C-DD6113B95C3A}
	EndGlobalSection
EndGlobal
